
Microsoft Visual Studio Solution File, Format Version 12.00
# Visual Studio Version 16
VisualStudioVersion = 16.0.29503.13
MinimumVisualStudioVersion = 10.0.40219.1
Project("{9A19103F-16F7-4668-BE54-9A1E7A4F7556}") = "SocialMediaApp", "SocialMediaApp\SocialMediaApp.csproj", "{01EA963D-C34A-41E5-8191-B00A5D8B9223}"
EndProject
Project("{9A19103F-16F7-4668-BE54-9A1E7A4F7556}") = "Dal", "Dal\Dal.csproj", "{C20ABE9B-D65A-4528-AB64-FAAF1A14AC8F}"
EndProject
Project("{9A19103F-16F7-4668-BE54-9A1E7A4F7556}") = "ConnectionRepository", "ConnectionRepository\ConnectionRepository.csproj", "{40571064-1477-495D-B302-08E2EA84E4FF}"
EndProject
Project("{9A19103F-16F7-4668-BE54-9A1E7A4F7556}") = "Bll", "Bll\Bll.csproj", "{962E6E2E-404A-4B5E-84A2-09567AD15DDB}"
EndProject
Project("{9A19103F-16F7-4668-BE54-9A1E7A4F7556}") = "Models", "Models\Models.csproj", "{1F497742-37ED-4FB1-BF68-02EE985B33FD}"
EndProject
Project("{FAE04EC0-301F-11D3-BF4B-00C04F79EFBC}") = "CassandraDal", "CassandraDall\CassandraDal.csproj", "{A114FA23-4A1F-4FB2-9922-715D53E780DB}"
EndProject
Project("{FAE04EC0-301F-11D3-BF4B-00C04F79EFBC}") = "ModelsCassandra", "ModelsCassandra\ModelsCassandra.csproj", "{6339E463-EB7A-4961-B217-C920F7C5DB69}"
EndProject
Global
	GlobalSection(SolutionConfigurationPlatforms) = preSolution
		Debug|Any CPU = Debug|Any CPU
		Release|Any CPU = Release|Any CPU
	EndGlobalSection
	GlobalSection(ProjectConfigurationPlatforms) = postSolution
		{01EA963D-C34A-41E5-8191-B00A5D8B9223}.Debug|Any CPU.ActiveCfg = Debug|Any CPU
		{01EA963D-C34A-41E5-8191-B00A5D8B9223}.Debug|Any CPU.Build.0 = Debug|Any CPU
		{01EA963D-C34A-41E5-8191-B00A5D8B9223}.Release|Any CPU.ActiveCfg = Release|Any CPU
		{01EA963D-C34A-41E5-8191-B00A5D8B9223}.Release|Any CPU.Build.0 = Release|Any CPU
		{C20ABE9B-D65A-4528-AB64-FAAF1A14AC8F}.Debug|Any CPU.ActiveCfg = Debug|Any CPU
		{C20ABE9B-D65A-4528-AB64-FAAF1A14AC8F}.Debug|Any CPU.Build.0 = Debug|Any CPU
		{C20ABE9B-D65A-4528-AB64-FAAF1A14AC8F}.Release|Any CPU.ActiveCfg = Release|Any CPU
		{C20ABE9B-D65A-4528-AB64-FAAF1A14AC8F}.Release|Any CPU.Build.0 = Release|Any CPU
		{40571064-1477-495D-B302-08E2EA84E4FF}.Debug|Any CPU.ActiveCfg = Debug|Any CPU
		{40571064-1477-495D-B302-08E2EA84E4FF}.Debug|Any CPU.Build.0 = Debug|Any CPU
		{40571064-1477-495D-B302-08E2EA84E4FF}.Release|Any CPU.ActiveCfg = Release|Any CPU
		{40571064-1477-495D-B302-08E2EA84E4FF}.Release|Any CPU.Build.0 = Release|Any CPU
		{962E6E2E-404A-4B5E-84A2-09567AD15DDB}.Debug|Any CPU.ActiveCfg = Debug|Any CPU
		{962E6E2E-404A-4B5E-84A2-09567AD15DDB}.Debug|Any CPU.Build.0 = Debug|Any CPU
		{962E6E2E-404A-4B5E-84A2-09567AD15DDB}.Release|Any CPU.ActiveCfg = Release|Any CPU
		{962E6E2E-404A-4B5E-84A2-09567AD15DDB}.Release|Any CPU.Build.0 = Release|Any CPU
		{1F497742-37ED-4FB1-BF68-02EE985B33FD}.Debug|Any CPU.ActiveCfg = Debug|Any CPU
		{1F497742-37ED-4FB1-BF68-02EE985B33FD}.Debug|Any CPU.Build.0 = Debug|Any CPU
		{1F497742-37ED-4FB1-BF68-02EE985B33FD}.Release|Any CPU.ActiveCfg = Release|Any CPU
		{1F497742-37ED-4FB1-BF68-02EE985B33FD}.Release|Any CPU.Build.0 = Release|Any CPU
		{A114FA23-4A1F-4FB2-9922-715D53E780DB}.Debug|Any CPU.ActiveCfg = Debug|Any CPU
		{A114FA23-4A1F-4FB2-9922-715D53E780DB}.Debug|Any CPU.Build.0 = Debug|Any CPU
		{A114FA23-4A1F-4FB2-9922-715D53E780DB}.Release|Any CPU.ActiveCfg = Release|Any CPU
		{A114FA23-4A1F-4FB2-9922-715D53E780DB}.Release|Any CPU.Build.0 = Release|Any CPU
		{6339E463-EB7A-4961-B217-C920F7C5DB69}.Debug|Any CPU.ActiveCfg = Debug|Any CPU
		{6339E463-EB7A-4961-B217-C920F7C5DB69}.Debug|Any CPU.Build.0 = Debug|Any CPU
		{6339E463-EB7A-4961-B217-C920F7C5DB69}.Release|Any CPU.ActiveCfg = Release|Any CPU
		{6339E463-EB7A-4961-B217-C920F7C5DB69}.Release|Any CPU.Build.0 = Release|Any CPU
	EndGlobalSection
	GlobalSection(SolutionProperties) = preSolution
		HideSolutionNode = FALSE
	EndGlobalSection
	GlobalSection(ExtensibilityGlobals) = postSolution
		SolutionGuid = {7182AEC9-6933-4498-BAEF-F3F1B07360D5}
	EndGlobalSection
EndGlobal
